
Microsoft Visual Studio Solution File, Format Version 12.00
# Visual Studio Version 16
VisualStudioVersion = 16.0.29609.76
MinimumVisualStudioVersion = 10.0.40219.1
Project("{9A19103F-16F7-4668-BE54-9A1E7A4F7556}") = "HousePricePrediction", "HousePricePrediction.csproj", "{84652B3D-FE64-4A6D-BDB9-EA2EFFDDF373}"
EndProject
Project("{9A19103F-16F7-4668-BE54-9A1E7A4F7556}") = "CNTKUtil", "..\..\CNTKUtil\CNTKUtil.csproj", "{1B953947-30DC-449B-A857-93BAA4B0CF6D}"
EndProject
Global
	GlobalSection(SolutionConfigurationPlatforms) = preSolution
		Debug|Any CPU = Debug|Any CPU
		Debug|x64 = Debug|x64
		Release|Any CPU = Release|Any CPU
		Release|x64 = Release|x64
	EndGlobalSection
	GlobalSection(ProjectConfigurationPlatforms) = postSolution
		{84652B3D-FE64-4A6D-BDB9-EA2EFFDDF373}.Debug|Any CPU.ActiveCfg = Debug|Any CPU
		{84652B3D-FE64-4A6D-BDB9-EA2EFFDDF373}.Debug|Any CPU.Build.0 = Debug|Any CPU
		{84652B3D-FE64-4A6D-BDB9-EA2EFFDDF373}.Debug|x64.ActiveCfg = Debug|x64
		{84652B3D-FE64-4A6D-BDB9-EA2EFFDDF373}.Debug|x64.Build.0 = Debug|x64
		{84652B3D-FE64-4A6D-BDB9-EA2EFFDDF373}.Release|Any CPU.ActiveCfg = Release|Any CPU
		{84652B3D-FE64-4A6D-BDB9-EA2EFFDDF373}.Release|Any CPU.Build.0 = Release|Any CPU
		{84652B3D-FE64-4A6D-BDB9-EA2EFFDDF373}.Release|x64.ActiveCfg = Release|x64
		{84652B3D-FE64-4A6D-BDB9-EA2EFFDDF373}.Release|x64.Build.0 = Release|x64
		{1B953947-30DC-449B-A857-93BAA4B0CF6D}.Debug|Any CPU.ActiveCfg = Debug|Any CPU
		{1B953947-30DC-449B-A857-93BAA4B0CF6D}.Debug|Any CPU.Build.0 = Debug|Any CPU
		{1B953947-30DC-449B-A857-93BAA4B0CF6D}.Debug|x64.ActiveCfg = Debug|x64
		{1B953947-30DC-449B-A857-93BAA4B0CF6D}.Debug|x64.Build.0 = Debug|x64
		{1B953947-30DC-449B-A857-93BAA4B0CF6D}.Release|Any CPU.ActiveCfg = Release|Any CPU
		{1B953947-30DC-449B-A857-93BAA4B0CF6D}.Release|Any CPU.Build.0 = Release|Any CPU
		{1B953947-30DC-449B-A857-93BAA4B0CF6D}.Release|x64.ActiveCfg = Release|x64
		{1B953947-30DC-449B-A857-93BAA4B0CF6D}.Release|x64.Build.0 = Release|x64
	EndGlobalSection
	GlobalSection(SolutionProperties) = preSolution
		HideSolutionNode = FALSE
	EndGlobalSection
	GlobalSection(ExtensibilityGlobals) = postSolution
		SolutionGuid = {100F5B73-E824-43F7-A4C5-CD0A5CED30D6}
	EndGlobalSection
EndGlobal
